{
  "name": "@dotmh/tamahagane-bundle-base",
  "version": "0.1.0",
  "lockfileVersion": 1,
  "requires": true,
  "dependencies": {
    "@dotmh/tamahagane-draft-exculder": {
      "version": "0.1.0",
      "resolved": "https://registry.npmjs.org/@dotmh/tamahagane-draft-exculder/-/tamahagane-draft-exculder-0.1.0.tgz",
      "integrity": "sha512-5aqnhv//sSnfWjJHzrP2UE3KbAGNNhLSX5fbTnrio8TLZKFCnto3Ket0i13CAD4LHlwk2+jlUjXNUWI5e8J+cw=="
    },
    "@dotmh/tamahagane-galleries": {
      "version": "0.1.0",
      "resolved": "https://registry.npmjs.org/@dotmh/tamahagane-galleries/-/tamahagane-galleries-0.1.0.tgz",
      "integrity": "sha512-LOooAgWiAgzGUZ8sB2pAbeelR/EE/C9edKhyrHoWl9Qd6enxcOYyiHEjfEtCFGbtXKI7nHskS86tQ/Ela9M78g==",
      "requires": {
        "minimatch": "^3.0.4"
      }
    },
    "@dotmh/tamahagane-handlebars-content": {
      "version": "0.1.0",
      "resolved": "https://registry.npmjs.org/@dotmh/tamahagane-handlebars-content/-/tamahagane-handlebars-content-0.1.0.tgz",
      "integrity": "sha512-nOp0UNTWl9/MT2UjKBxokgMLLqMmL/mshutccz8gP3FG4bCw1CTuuoi+Y+KL7+JFxKJNMvdC5lz/tCvG48drEA==",
      "requires": {
        "handlebars": "^4.7.6",
        "minimatch": "^3.0.4"
      }
    },
    "@dotmh/tamahagane-handlebars-tools": {
      "version": "0.1.0",
      "resolved": "https://registry.npmjs.org/@dotmh/tamahagane-handlebars-tools/-/tamahagane-handlebars-tools-0.1.0.tgz",
      "integrity": "sha512-ghRginaNW8BhuDzmXdznKCWRN/K5jIxDvY6UOzwzYLV91LtJvAl5dI5QCKdLWt8Je92gaMI+pLwUzoWsBsDzvQ==",
      "requires": {
        "handlebars": "^4.7.6"
      }
    },
    "@dotmh/tamahagane-image-manager": {
      "version": "0.1.0",
      "resolved": "https://registry.npmjs.org/@dotmh/tamahagane-image-manager/-/tamahagane-image-manager-0.1.0.tgz",
      "integrity": "sha512-UhsgH3vL8LGEmS7THfMAgWOEkCLa8WVls+jkg35maokLtliil5nFG47vtZ0ayHSt7lBzBu4CfOK6ww5Q6RBt1Q==",
      "requires": {
        "handlebars": "^4.7.6"
      }
    },
    "@dotmh/tamahagane-includes": {
      "version": "0.1.0",
      "resolved": "https://registry.npmjs.org/@dotmh/tamahagane-includes/-/tamahagane-includes-0.1.0.tgz",
      "integrity": "sha512-C9ZnnIIMVgCv6mf6RBQ6TejUt0Gj9JaiMBATQLzP5/z6p/UUGcYwxYGp0BDmU4WvDrmwXwcfh1XEdpMuVQUkfg=="
    },
    "@dotmh/tamahagane-inherit": {
      "version": "0.1.0",
      "resolved": "https://registry.npmjs.org/@dotmh/tamahagane-inherit/-/tamahagane-inherit-0.1.0.tgz",
      "integrity": "sha512-u7kC3LW81PbkGN2l5mp44sAjUDlXfg0ZrgLSi4OVfaN6QCOnNt8GucknWeqfk4vObfX8jjl8smsw9yuQaTFMrA=="
    },
    "@dotmh/tamahagane-is-current": {
      "version": "0.1.0",
      "resolved": "https://registry.npmjs.org/@dotmh/tamahagane-is-current/-/tamahagane-is-current-0.1.0.tgz",
      "integrity": "sha512-IUhuk+f9i4WmYX8UpSWog4KhuG4IZy6uBH5aG2rfnVaWH/YRrTbc+5VvyjBEPmp0SQQQkxX6nNwSV2/FYzQYhQ=="
    },
    "@dotmh/tamahagane-list": {
      "version": "0.1.0",
      "resolved": "https://registry.npmjs.org/@dotmh/tamahagane-list/-/tamahagane-list-0.1.0.tgz",
      "integrity": "sha512-6Ecikabp8ipPsa3mkMD8hOCHfmPOkRR8mAu1lausP3XtMLtRoeQV9f/OW9Ard/hKgx/Z7nv+KTPw+cJf358y4A=="
    },
    "@dotmh/tamahagane-meta-loader": {
      "version": "0.1.0",
      "resolved": "https://registry.npmjs.org/@dotmh/tamahagane-meta-loader/-/tamahagane-meta-loader-0.1.0.tgz",
      "integrity": "sha512-jCoUDCM0Aicu9kEPv5ebjQFpsRroneqL9dosDO5K+0EvTPXwymG627sPqXYGlH5ZLeZ1iqw2TnzUEDfFjfAgRw==",
      "requires": {
        "js-yaml": "^3.13.1"
      }
    },
    "argparse": {
      "version": "1.0.10",
      "resolved": "https://registry.npmjs.org/argparse/-/argparse-1.0.10.tgz",
      "integrity": "sha512-o5Roy6tNG4SL/FOkCAN6RzjiakZS25RLYFrcMttJqbdd8BWrnA+fGz57iN5Pb06pvBGvl5gQ0B48dJlslXvoTg==",
      "requires": {
        "sprintf-js": "~1.0.2"
      }
    },
    "balanced-match": {
      "version": "1.0.0",
      "resolved": "https://registry.npmjs.org/balanced-match/-/balanced-match-1.0.0.tgz",
      "integrity": "sha1-ibTRmasr7kneFk6gK4nORi1xt2c="
    },
    "brace-expansion": {
      "version": "1.1.11",
      "resolved": "https://registry.npmjs.org/brace-expansion/-/brace-expansion-1.1.11.tgz",
      "integrity": "sha512-iCuPHDFgrHX7H2vEI/5xpz07zSHB00TpugqhmYtVmMO6518mCuRMoOYFldEBl0g187ufozdaHgWKcYFb61qGiA==",
      "requires": {
        "balanced-match": "^1.0.0",
        "concat-map": "0.0.1"
      }
    },
    "commander": {
      "version": "2.20.3",
      "resolved": "https://registry.npmjs.org/commander/-/commander-2.20.3.tgz",
      "integrity": "sha512-GpVkmM8vF2vQUkj2LvZmD35JxeJOLCwJ9cUkugyk2nuhbv3+mJvpLYYt+0+USMxE+oj+ey/lJEnhZw75x/OMcQ==",
      "optional": true
    },
    "concat-map": {
      "version": "0.0.1",
      "resolved": "https://registry.npmjs.org/concat-map/-/concat-map-0.0.1.tgz",
      "integrity": "sha1-2Klr13/Wjfd5OnMDajug1UBdR3s="
    },
    "esprima": {
      "version": "4.0.1",
      "resolved": "https://registry.npmjs.org/esprima/-/esprima-4.0.1.tgz",
      "integrity": "sha512-eGuFFw7Upda+g4p+QHvnW0RyTX/SVeJBDM/gCtMARO0cLuT2HcEKnTPvhjV6aGeqrCB/sbNop0Kszm0jsaWU4A=="
    },
    "handlebars": {
      "version": "4.7.6",
      "resolved": "https://registry.npmjs.org/handlebars/-/handlebars-4.7.6.tgz",
      "integrity": "sha512-1f2BACcBfiwAfStCKZNrUCgqNZkGsAT7UM3kkYtXuLo0KnaVfjKOyf7PRzB6++aK9STyT1Pd2ZCPe3EGOXleXA==",
      "requires": {
        "minimist": "^1.2.5",
        "neo-async": "^2.6.0",
        "source-map": "^0.6.1",
        "uglify-js": "^3.1.4",
        "wordwrap": "^1.0.0"
      }
    },
    "js-yaml": {
      "version": "3.13.1",
      "resolved": "https://registry.npmjs.org/js-yaml/-/js-yaml-3.13.1.tgz",
      "integrity": "sha512-YfbcO7jXDdyj0DGxYVSlSeQNHbD7XPWvrVWeVUujrQEoZzWJIRrCPoyk6kL6IAjAG2IolMK4T0hNUe0HOUs5Jw==",
      "requires": {
        "argparse": "^1.0.7",
        "esprima": "^4.0.0"
      }
    },
    "minimatch": {
      "version": "3.0.4",
      "resolved": "https://registry.npmjs.org/minimatch/-/minimatch-3.0.4.tgz",
      "integrity": "sha512-yJHVQEhyqPLUTgt9B83PXu6W3rx4MvvHvSUvToogpwoGDOUQ+yDrR0HRot+yOCdCO7u4hX3pWft6kWBBcqh0UA==",
      "requires": {
        "brace-expansion": "^1.1.7"
      }
    },
    "minimist": {
      "version": "1.2.5",
      "resolved": "https://registry.npmjs.org/minimist/-/minimist-1.2.5.tgz",
      "integrity": "sha512-FM9nNUYrRBAELZQT3xeZQ7fmMOBg6nWNmJKTcgsJeaLstP/UODVpGsr5OhXhhXg6f+qtJ8uiZ+PUxkDWcgIXLw=="
    },
    "neo-async": {
      "version": "2.6.1",
      "resolved": "https://registry.npmjs.org/neo-async/-/neo-async-2.6.1.tgz",
      "integrity": "sha512-iyam8fBuCUpWeKPGpaNMetEocMt364qkCsfL9JuhjXX6dRnguRVOfk2GZaDpPjcOKiiXCPINZC1GczQ7iTq3Zw=="
    },
    "source-map": {
      "version": "0.6.1",
      "resolved": "https://registry.npmjs.org/source-map/-/source-map-0.6.1.tgz",
      "integrity": "sha512-UjgapumWlbMhkBgzT7Ykc5YXUT46F0iKu8SGXq0bcwP5dz/h0Plj6enJqjz1Zbq2l5WaqYnrVbwWOWMyF3F47g=="
    },
    "sprintf-js": {
      "version": "1.0.3",
      "resolved": "https://registry.npmjs.org/sprintf-js/-/sprintf-js-1.0.3.tgz",
      "integrity": "sha1-BOaSb2YolTVPPdAVIDYzuFcpfiw="
    },
    "uglify-js": {
      "version": "3.9.3",
      "resolved": "https://registry.npmjs.org/uglify-js/-/uglify-js-3.9.3.tgz",
      "integrity": "sha512-r5ImcL6QyzQGVimQoov3aL2ZScywrOgBXGndbWrdehKoSvGe/RmiE5Jpw/v+GvxODt6l2tpBXwA7n+qZVlHBMA==",
      "optional": true,
      "requires": {
        "commander": "~2.20.3"
      }
    },
    "wordwrap": {
      "version": "1.0.0",
      "resolved": "https://registry.npmjs.org/wordwrap/-/wordwrap-1.0.0.tgz",
      "integrity": "sha1-J1hIEIkUVqQXHI0CJkQa3pDLyus="
    }
  }
}
