{
  "name": "@dotmh/tamahagane-countdown",
  "version": "0.4.0",
  "lockfileVersion": 1,
  "requires": true,
  "dependencies": {
    "@dotmh/ctf": {
      "version": "0.1.0",
      "resolved": "https://registry.npmjs.org/@dotmh/ctf/-/ctf-0.1.0.tgz",
      "integrity": "sha512-XfOUbwaCDejusE1SUjRO/pXMXo5x1JndKO4R9Ai+F3YNrMCXwVW8dYWG+NKDaxe/kjQ57f8pn2srzL2BFlIb6g=="
    }
  }
}
